
Microsoft Visual Studio Solution File, Format Version 12.00
# Visual Studio Version 16
VisualStudioVersion = 16.0.32929.386
MinimumVisualStudioVersion = 10.0.40219.1
Project("{9A19103F-16F7-4668-BE54-9A1E7A4F7556}") = "Eternity1.0", "Eternity1.0.csproj", "{579B911B-FB7C-4826-AAED-6091F860EEFB}"
EndProject
Project("{54435603-DBB4-11D2-8724-00A0C9A8B90C}") = "EternityInstalador", "..\EternityInstalador\EternityInstalador.vdproj", "{08811C76-6458-407B-AE8A-4F782ED01089}"
EndProject
Global
	GlobalSection(SolutionConfigurationPlatforms) = preSolution
		Debug|Any CPU = Debug|Any CPU
		Release|Any CPU = Release|Any CPU
	EndGlobalSection
	GlobalSection(ProjectConfigurationPlatforms) = postSolution
		{579B911B-FB7C-4826-AAED-6091F860EEFB}.Debug|Any CPU.ActiveCfg = Debug|Any CPU
		{579B911B-FB7C-4826-AAED-6091F860EEFB}.Debug|Any CPU.Build.0 = Debug|Any CPU
		{579B911B-FB7C-4826-AAED-6091F860EEFB}.Release|Any CPU.ActiveCfg = Release|Any CPU
		{579B911B-FB7C-4826-AAED-6091F860EEFB}.Release|Any CPU.Build.0 = Release|Any CPU
		{08811C76-6458-407B-AE8A-4F782ED01089}.Debug|Any CPU.ActiveCfg = Debug
		{08811C76-6458-407B-AE8A-4F782ED01089}.Release|Any CPU.ActiveCfg = Release
	EndGlobalSection
	GlobalSection(SolutionProperties) = preSolution
		HideSolutionNode = FALSE
	EndGlobalSection
	GlobalSection(ExtensibilityGlobals) = postSolution
		SolutionGuid = {85869378-9485-4EE3-A794-D444EC473FDC}
	EndGlobalSection
EndGlobal
